// !$*UTF8*$!
{
	archiveVersion = 1;
	classes = {
	};
	objectVersion = 55;
	objects = {

/* Begin PBXBuildFile section */
		F2609D0527EE0B88005DACFA /* HearBirdsAgainApp.swift in Sources */ = {isa = PBXBuildFile; fileRef = F2609D0427EE0B88005DACFA /* HearBirdsAgainApp.swift */; };
		F2609D0727EE0B88005DACFA /* ContentView.swift in Sources */ = {isa = PBXBuildFile; fileRef = F2609D0627EE0B88005DACFA /* ContentView.swift */; };
		F2609D0927EE0B89005DACFA /* Assets.xcassets in Resources */ = {isa = PBXBuildFile; fileRef = F2609D0827EE0B89005DACFA /* Assets.xcassets */; };
		F2609D0C27EE0B89005DACFA /* Preview Assets.xcassets in Resources */ = {isa = PBXBuildFile; fileRef = F2609D0B27EE0B89005DACFA /* Preview Assets.xcassets */; };
		F2609D1327EE0C2E005DACFA /* AudioProcessor.swift in Sources */ = {isa = PBXBuildFile; fileRef = F2609D1227EE0C2E005DACFA /* AudioProcessor.swift */; };
		F2609D1627EE0CAB005DACFA /* SongFinderAudioUnit.swift in Sources */ = {isa = PBXBuildFile; fileRef = F2609D1527EE0CAB005DACFA /* SongFinderAudioUnit.swift */; };
		F2609D1827EE0CE6005DACFA /* SongFinderParameters.swift in Sources */ = {isa = PBXBuildFile; fileRef = F2609D1727EE0CE6005DACFA /* SongFinderParameters.swift */; };
		F2609D1B27EE0D47005DACFA /* SongFinderDSPKernelAdapter.mm in Sources */ = {isa = PBXBuildFile; fileRef = F2609D1A27EE0D47005DACFA /* SongFinderDSPKernelAdapter.mm */; };
		F2609D2327EE0FAB005DACFA /* DSPKernel.mm in Sources */ = {isa = PBXBuildFile; fileRef = F2609D2127EE0FAB005DACFA /* DSPKernel.mm */; };
		F2945ABB283E6A8B0056D1F3 /* Logger.swift in Sources */ = {isa = PBXBuildFile; fileRef = F2945ABA283E6A8B0056D1F3 /* Logger.swift */; };
/* End PBXBuildFile section */

/* Begin PBXFileReference section */
		F245FCFD27FCD5A000C54A50 /* Info.plist */ = {isa = PBXFileReference; lastKnownFileType = text.plist; path = Info.plist; sourceTree = "<group>"; };
		F2609D0127EE0B88005DACFA /* HearBirdsAgain.app */ = {isa = PBXFileReference; explicitFileType = wrapper.application; includeInIndex = 0; path = HearBirdsAgain.app; sourceTree = BUILT_PRODUCTS_DIR; };
		F2609D0427EE0B88005DACFA /* HearBirdsAgainApp.swift */ = {isa = PBXFileReference; lastKnownFileType = sourcecode.swift; path = HearBirdsAgainApp.swift; sourceTree = "<group>"; };
		F2609D0627EE0B88005DACFA /* ContentView.swift */ = {isa = PBXFileReference; lastKnownFileType = sourcecode.swift; path = ContentView.swift; sourceTree = "<group>"; };
		F2609D0827EE0B89005DACFA /* Assets.xcassets */ = {isa = PBXFileReference; lastKnownFileType = folder.assetcatalog; path = Assets.xcassets; sourceTree = "<group>"; };
		F2609D0B27EE0B89005DACFA /* Preview Assets.xcassets */ = {isa = PBXFileReference; lastKnownFileType = folder.assetcatalog; path = "Preview Assets.xcassets"; sourceTree = "<group>"; };
		F2609D1227EE0C2E005DACFA /* AudioProcessor.swift */ = {isa = PBXFileReference; lastKnownFileType = sourcecode.swift; path = AudioProcessor.swift; sourceTree = "<group>"; };
		F2609D1527EE0CAB005DACFA /* SongFinderAudioUnit.swift */ = {isa = PBXFileReference; lastKnownFileType = sourcecode.swift; path = SongFinderAudioUnit.swift; sourceTree = "<group>"; };
		F2609D1727EE0CE6005DACFA /* SongFinderParameters.swift */ = {isa = PBXFileReference; lastKnownFileType = sourcecode.swift; path = SongFinderParameters.swift; sourceTree = "<group>"; };
		F2609D1927EE0D47005DACFA /* SongFinder-Bridging-Header.h */ = {isa = PBXFileReference; lastKnownFileType = sourcecode.c.h; path = "SongFinder-Bridging-Header.h"; sourceTree = "<group>"; };
		F2609D1A27EE0D47005DACFA /* SongFinderDSPKernelAdapter.mm */ = {isa = PBXFileReference; lastKnownFileType = sourcecode.cpp.objcpp; path = SongFinderDSPKernelAdapter.mm; sourceTree = "<group>"; };
		F2609D1C27EE0E9F005DACFA /* SongFinderDSPKernelAdapter.h */ = {isa = PBXFileReference; lastKnownFileType = sourcecode.c.h; path = SongFinderDSPKernelAdapter.h; sourceTree = "<group>"; };
		F2609D1E27EE0EDF005DACFA /* SongFinderDSPKernel.hpp */ = {isa = PBXFileReference; lastKnownFileType = sourcecode.cpp.h; path = SongFinderDSPKernel.hpp; sourceTree = "<group>"; };
		F2609D2127EE0FAB005DACFA /* DSPKernel.mm */ = {isa = PBXFileReference; lastKnownFileType = sourcecode.cpp.objcpp; path = DSPKernel.mm; sourceTree = "<group>"; };
		F2609D2227EE0FAB005DACFA /* DSPKernel.hpp */ = {isa = PBXFileReference; lastKnownFileType = sourcecode.cpp.h; path = DSPKernel.hpp; sourceTree = "<group>"; };
		F2609D2427EE0FF1005DACFA /* BufferedAudioBus.hpp */ = {isa = PBXFileReference; lastKnownFileType = sourcecode.cpp.h; path = BufferedAudioBus.hpp; sourceTree = "<group>"; };
		F2945ABA283E6A8B0056D1F3 /* Logger.swift */ = {isa = PBXFileReference; lastKnownFileType = sourcecode.swift; path = Logger.swift; sourceTree = "<group>"; };
		F29647A927EE1BA000AB33A6 /* AdvancingBuffer.hpp */ = {isa = PBXFileReference; lastKnownFileType = sourcecode.cpp.h; path = AdvancingBuffer.hpp; sourceTree = "<group>"; };
		F29647AA27EE1BD100AB33A6 /* Interpolator.hpp */ = {isa = PBXFileReference; lastKnownFileType = sourcecode.cpp.h; path = Interpolator.hpp; sourceTree = "<group>"; };
		F29647AB27EE1C0200AB33A6 /* OverlapAdder.hpp */ = {isa = PBXFileReference; lastKnownFileType = sourcecode.cpp.h; path = OverlapAdder.hpp; sourceTree = "<group>"; };
		F2E7AA50282C1290003E27FF /* FirFilter.hpp */ = {isa = PBXFileReference; lastKnownFileType = sourcecode.cpp.h; path = FirFilter.hpp; sourceTree = "<group>"; };
		F2E7AA51282C1290003E27FF /* HbaFilters.hpp */ = {isa = PBXFileReference; lastKnownFileType = sourcecode.cpp.h; path = HbaFilters.hpp; sourceTree = "<group>"; };
		F2FD2F8B27F6362900BBD070 /* SongFinderProcessor.hpp */ = {isa = PBXFileReference; lastKnownFileType = sourcecode.cpp.h; path = SongFinderProcessor.hpp; sourceTree = "<group>"; };
/* End PBXFileReference section */

/* Begin PBXFrameworksBuildPhase section */
		F2609CFE27EE0B88005DACFA /* Frameworks */ = {
			isa = PBXFrameworksBuildPhase;
			buildActionMask = 2147483647;
			files = (
			);
			runOnlyForDeploymentPostprocessing = 0;
		};
/* End PBXFrameworksBuildPhase section */

/* Begin PBXGroup section */
		F2609CF827EE0B88005DACFA = {
			isa = PBXGroup;
			children = (
				F2609D0327EE0B88005DACFA /* HearBirdsAgain */,
				F2609D1427EE0C6B005DACFA /* SongFinder Audio Unit */,
				F2609D2027EE0F7D005DACFA /* Generic Audio Unit */,
				F2609D0227EE0B88005DACFA /* Products */,
			);
			sourceTree = "<group>";
		};
		F2609D0227EE0B88005DACFA /* Products */ = {
			isa = PBXGroup;
			children = (
				F2609D0127EE0B88005DACFA /* HearBirdsAgain.app */,
			);
			name = Products;
			sourceTree = "<group>";
		};
		F2609D0327EE0B88005DACFA /* HearBirdsAgain */ = {
			isa = PBXGroup;
			children = (
				F2609D0427EE0B88005DACFA /* HearBirdsAgainApp.swift */,
				F2609D1227EE0C2E005DACFA /* AudioProcessor.swift */,
				F2945ABA283E6A8B0056D1F3 /* Logger.swift */,
				F2609D0627EE0B88005DACFA /* ContentView.swift */,
				F245FCFD27FCD5A000C54A50 /* Info.plist */,
				F2609D0827EE0B89005DACFA /* Assets.xcassets */,
				F2609D0A27EE0B89005DACFA /* Preview Content */,
			);
			path = HearBirdsAgain;
			sourceTree = "<group>";
		};
		F2609D0A27EE0B89005DACFA /* Preview Content */ = {
			isa = PBXGroup;
			children = (
				F2609D0B27EE0B89005DACFA /* Preview Assets.xcassets */,
			);
			path = "Preview Content";
			sourceTree = "<group>";
		};
		F2609D1427EE0C6B005DACFA /* SongFinder Audio Unit */ = {
			isa = PBXGroup;
			children = (
				F2609D1527EE0CAB005DACFA /* SongFinderAudioUnit.swift */,
				F2609D1727EE0CE6005DACFA /* SongFinderParameters.swift */,
				F2609D1927EE0D47005DACFA /* SongFinder-Bridging-Header.h */,
				F2609D1A27EE0D47005DACFA /* SongFinderDSPKernelAdapter.mm */,
				F2609D1C27EE0E9F005DACFA /* SongFinderDSPKernelAdapter.h */,
				F2609D1E27EE0EDF005DACFA /* SongFinderDSPKernel.hpp */,
				F29647A927EE1BA000AB33A6 /* AdvancingBuffer.hpp */,
				F2E7AA50282C1290003E27FF /* FirFilter.hpp */,
				F2E7AA51282C1290003E27FF /* HbaFilters.hpp */,
				F29647AA27EE1BD100AB33A6 /* Interpolator.hpp */,
				F29647AB27EE1C0200AB33A6 /* OverlapAdder.hpp */,
				F2FD2F8B27F6362900BBD070 /* SongFinderProcessor.hpp */,
			);
			path = "SongFinder Audio Unit";
			sourceTree = "<group>";
		};
		F2609D2027EE0F7D005DACFA /* Generic Audio Unit */ = {
			isa = PBXGroup;
			children = (
				F2609D2127EE0FAB005DACFA /* DSPKernel.mm */,
				F2609D2227EE0FAB005DACFA /* DSPKernel.hpp */,
				F2609D2427EE0FF1005DACFA /* BufferedAudioBus.hpp */,
			);
			path = "Generic Audio Unit";
			sourceTree = "<group>";
		};
/* End PBXGroup section */

/* Begin PBXNativeTarget section */
		F2609D0027EE0B88005DACFA /* HearBirdsAgain */ = {
			isa = PBXNativeTarget;
			buildConfigurationList = F2609D0F27EE0B89005DACFA /* Build configuration list for PBXNativeTarget "HearBirdsAgain" */;
			buildPhases = (
				F2609CFD27EE0B88005DACFA /* Sources */,
				F2609CFE27EE0B88005DACFA /* Frameworks */,
				F2609CFF27EE0B88005DACFA /* Resources */,
			);
			buildRules = (
			);
			dependencies = (
			);
			name = HearBirdsAgain;
			productName = HearBirdsAgain;
			productReference = F2609D0127EE0B88005DACFA /* HearBirdsAgain.app */;
			productType = "com.apple.product-type.application";
		};
/* End PBXNativeTarget section */

/* Begin PBXProject section */
		F2609CF927EE0B88005DACFA /* Project object */ = {
			isa = PBXProject;
			attributes = {
				BuildIndependentTargetsInParallel = 1;
				LastSwiftUpdateCheck = 1330;
				LastUpgradeCheck = 1330;
				TargetAttributes = {
					F2609D0027EE0B88005DACFA = {
						CreatedOnToolsVersion = 13.3;
						LastSwiftMigration = 1330;
					};
				};
			};
			buildConfigurationList = F2609CFC27EE0B88005DACFA /* Build configuration list for PBXProject "HearBirdsAgain" */;
			compatibilityVersion = "Xcode 13.0";
			developmentRegion = en;
			hasScannedForEncodings = 0;
			knownRegions = (
				en,
				Base,
			);
			mainGroup = F2609CF827EE0B88005DACFA;
			productRefGroup = F2609D0227EE0B88005DACFA /* Products */;
			projectDirPath = "";
			projectRoot = "";
			targets = (
				F2609D0027EE0B88005DACFA /* HearBirdsAgain */,
			);
		};
/* End PBXProject section */

/* Begin PBXResourcesBuildPhase section */
		F2609CFF27EE0B88005DACFA /* Resources */ = {
			isa = PBXResourcesBuildPhase;
			buildActionMask = 2147483647;
			files = (
				F2609D0C27EE0B89005DACFA /* Preview Assets.xcassets in Resources */,
				F2609D0927EE0B89005DACFA /* Assets.xcassets in Resources */,
			);
			runOnlyForDeploymentPostprocessing = 0;
		};
/* End PBXResourcesBuildPhase section */

/* Begin PBXSourcesBuildPhase section */
		F2609CFD27EE0B88005DACFA /* Sources */ = {
			isa = PBXSourcesBuildPhase;
			buildActionMask = 2147483647;
			files = (
				F2609D2327EE0FAB005DACFA /* DSPKernel.mm in Sources */,
				F2609D0727EE0B88005DACFA /* ContentView.swift in Sources */,
				F2609D1627EE0CAB005DACFA /* SongFinderAudioUnit.swift in Sources */,
				F2609D1827EE0CE6005DACFA /* SongFinderParameters.swift in Sources */,
				F2609D0527EE0B88005DACFA /* HearBirdsAgainApp.swift in Sources */,
				F2609D1327EE0C2E005DACFA /* AudioProcessor.swift in Sources */,
				F2609D1B27EE0D47005DACFA /* SongFinderDSPKernelAdapter.mm in Sources */,
				F2945ABB283E6A8B0056D1F3 /* Logger.swift in Sources */,
			);
			runOnlyForDeploymentPostprocessing = 0;
		};
/* End PBXSourcesBuildPhase section */

/* Begin XCBuildConfiguration section */
		F2609D0D27EE0B89005DACFA /* Debug */ = {
			isa = XCBuildConfiguration;
			buildSettings = {
				ALWAYS_SEARCH_USER_PATHS = NO;
				CLANG_ANALYZER_NONNULL = YES;
				CLANG_ANALYZER_NUMBER_OBJECT_CONVERSION = YES_AGGRESSIVE;
				CLANG_CXX_LANGUAGE_STANDARD = "c++20";
				CLANG_ENABLE_MODULES = YES;
				CLANG_ENABLE_OBJC_ARC = YES;
				CLANG_ENABLE_OBJC_WEAK = YES;
				CLANG_WARN_BLOCK_CAPTURE_AUTORELEASING = YES;
				CLANG_WARN_BOOL_CONVERSION = YES;
				CLANG_WARN_COMMA = YES;
				CLANG_WARN_CONSTANT_CONVERSION = YES;
				CLANG_WARN_DEPRECATED_OBJC_IMPLEMENTATIONS = YES;
				CLANG_WARN_DIRECT_OBJC_ISA_USAGE = YES_ERROR;
				CLANG_WARN_DOCUMENTATION_COMMENTS = YES;
				CLANG_WARN_EMPTY_BODY = YES;
				CLANG_WARN_ENUM_CONVERSION = YES;
				CLANG_WARN_INFINITE_RECURSION = YES;
				CLANG_WARN_INT_CONVERSION = YES;
				CLANG_WARN_NON_LITERAL_NULL_CONVERSION = YES;
				CLANG_WARN_OBJC_IMPLICIT_RETAIN_SELF = YES;
				CLANG_WARN_OBJC_LITERAL_CONVERSION = YES;
				CLANG_WARN_OBJC_ROOT_CLASS = YES_ERROR;
				CLANG_WARN_QUOTED_INCLUDE_IN_FRAMEWORK_HEADER = YES;
				CLANG_WARN_RANGE_LOOP_ANALYSIS = YES;
				CLANG_WARN_STRICT_PROTOTYPES = YES;
				CLANG_WARN_SUSPICIOUS_MOVE = YES;
				CLANG_WARN_UNGUARDED_AVAILABILITY = YES_AGGRESSIVE;
				CLANG_WARN_UNREACHABLE_CODE = YES;
				CLANG_WARN__DUPLICATE_METHOD_MATCH = YES;
				COPY_PHASE_STRIP = NO;
				DEBUG_INFORMATION_FORMAT = dwarf;
				ENABLE_STRICT_OBJC_MSGSEND = YES;
				ENABLE_TESTABILITY = YES;
				GCC_C_LANGUAGE_STANDARD = gnu11;
				GCC_DYNAMIC_NO_PIC = NO;
				GCC_NO_COMMON_BLOCKS = YES;
				GCC_OPTIMIZATION_LEVEL = 0;
				GCC_PREPROCESSOR_DEFINITIONS = (
					"DEBUG=1",
					"$(inherited)",
				);
				GCC_WARN_64_TO_32_BIT_CONVERSION = YES;
				GCC_WARN_ABOUT_RETURN_TYPE = YES_ERROR;
				GCC_WARN_UNDECLARED_SELECTOR = YES;
				GCC_WARN_UNINITIALIZED_AUTOS = YES_AGGRESSIVE;
				GCC_WARN_UNUSED_FUNCTION = YES;
				GCC_WARN_UNUSED_VARIABLE = YES;
				IPHONEOS_DEPLOYMENT_TARGET = 15.0;
				MTL_ENABLE_DEBUG_INFO = INCLUDE_SOURCE;
				MTL_FAST_MATH = YES;
				ONLY_ACTIVE_ARCH = YES;
				SDKROOT = iphoneos;
				SWIFT_ACTIVE_COMPILATION_CONDITIONS = DEBUG;
				SWIFT_OPTIMIZATION_LEVEL = "-Onone";
			};
			name = Debug;
		};
		F2609D0E27EE0B89005DACFA /* Release */ = {
			isa = XCBuildConfiguration;
			buildSettings = {
				ALWAYS_SEARCH_USER_PATHS = NO;
				CLANG_ANALYZER_NONNULL = YES;
				CLANG_ANALYZER_NUMBER_OBJECT_CONVERSION = YES_AGGRESSIVE;
				CLANG_CXX_LANGUAGE_STANDARD = "c++20";
				CLANG_ENABLE_MODULES = YES;
				CLANG_ENABLE_OBJC_ARC = YES;
				CLANG_ENABLE_OBJC_WEAK = YES;
				CLANG_WARN_BLOCK_CAPTURE_AUTORELEASING = YES;
				CLANG_WARN_BOOL_CONVERSION = YES;
				CLANG_WARN_COMMA = YES;
				CLANG_WARN_CONSTANT_CONVERSION = YES;
				CLANG_WARN_DEPRECATED_OBJC_IMPLEMENTATIONS = YES;
				CLANG_WARN_DIRECT_OBJC_ISA_USAGE = YES_ERROR;
				CLANG_WARN_DOCUMENTATION_COMMENTS = YES;
				CLANG_WARN_EMPTY_BODY = YES;
				CLANG_WARN_ENUM_CONVERSION = YES;
				CLANG_WARN_INFINITE_RECURSION = YES;
				CLANG_WARN_INT_CONVERSION = YES;
				CLANG_WARN_NON_LITERAL_NULL_CONVERSION = YES;
				CLANG_WARN_OBJC_IMPLICIT_RETAIN_SELF = YES;
				CLANG_WARN_OBJC_LITERAL_CONVERSION = YES;
				CLANG_WARN_OBJC_ROOT_CLASS = YES_ERROR;
				CLANG_WARN_QUOTED_INCLUDE_IN_FRAMEWORK_HEADER = YES;
				CLANG_WARN_RANGE_LOOP_ANALYSIS = YES;
				CLANG_WARN_STRICT_PROTOTYPES = YES;
				CLANG_WARN_SUSPICIOUS_MOVE = YES;
				CLANG_WARN_UNGUARDED_AVAILABILITY = YES_AGGRESSIVE;
				CLANG_WARN_UNREACHABLE_CODE = YES;
				CLANG_WARN__DUPLICATE_METHOD_MATCH = YES;
				COPY_PHASE_STRIP = NO;
				DEBUG_INFORMATION_FORMAT = "dwarf-with-dsym";
				ENABLE_NS_ASSERTIONS = NO;
				ENABLE_STRICT_OBJC_MSGSEND = YES;
				GCC_C_LANGUAGE_STANDARD = gnu11;
				GCC_NO_COMMON_BLOCKS = YES;
				GCC_WARN_64_TO_32_BIT_CONVERSION = YES;
				GCC_WARN_ABOUT_RETURN_TYPE = YES_ERROR;
				GCC_WARN_UNDECLARED_SELECTOR = YES;
				GCC_WARN_UNINITIALIZED_AUTOS = YES_AGGRESSIVE;
				GCC_WARN_UNUSED_FUNCTION = YES;
				GCC_WARN_UNUSED_VARIABLE = YES;
				IPHONEOS_DEPLOYMENT_TARGET = 15.0;
				MTL_ENABLE_DEBUG_INFO = NO;
				MTL_FAST_MATH = YES;
				SDKROOT = iphoneos;
				SWIFT_COMPILATION_MODE = wholemodule;
				SWIFT_OPTIMIZATION_LEVEL = "-O";
				VALIDATE_PRODUCT = YES;
			};
			name = Release;
		};
		F2609D1027EE0B89005DACFA /* Debug */ = {
			isa = XCBuildConfiguration;
			buildSettings = {
				ASSETCATALOG_COMPILER_APPICON_NAME = AppIcon;
				ASSETCATALOG_COMPILER_GLOBAL_ACCENT_COLOR_NAME = AccentColor;
				CLANG_ENABLE_MODULES = YES;
				CODE_SIGN_STYLE = Automatic;
				CURRENT_PROJECT_VERSION = 1;
				DEVELOPMENT_ASSET_PATHS = "\"HearBirdsAgain/Preview Content\"";
				DEVELOPMENT_TEAM = U89S284FLD;
				ENABLE_PREVIEWS = YES;
				GENERATE_INFOPLIST_FILE = YES;
				INFOPLIST_FILE = HearBirdsAgain/Info.plist;
				INFOPLIST_KEY_CFBundleDisplayName = HearBirdsAgain;
				INFOPLIST_KEY_NSMicrophoneUsageDescription = "";
				INFOPLIST_KEY_UIApplicationSceneManifest_Generation = YES;
				INFOPLIST_KEY_UIApplicationSupportsIndirectInputEvents = YES;
				INFOPLIST_KEY_UILaunchScreen_Generation = YES;
				INFOPLIST_KEY_UISupportedInterfaceOrientations_iPad = "UIInterfaceOrientationPortrait UIInterfaceOrientationPortraitUpsideDown UIInterfaceOrientationLandscapeLeft UIInterfaceOrientationLandscapeRight";
				INFOPLIST_KEY_UISupportedInterfaceOrientations_iPhone = "UIInterfaceOrientationPortrait UIInterfaceOrientationLandscapeLeft UIInterfaceOrientationLandscapeRight";
				IPHONEOS_DEPLOYMENT_TARGET = 15.0;
				LD_RUNPATH_SEARCH_PATHS = (
					"$(inherited)",
					"@executable_path/Frameworks",
				);
				MARKETING_VERSION = 1.0;
				PRODUCT_BUNDLE_IDENTIFIER = org.hearbirdsagain.HearBirdsAgain;
				PRODUCT_NAME = "$(TARGET_NAME)";
				SWIFT_EMIT_LOC_STRINGS = YES;
				SWIFT_OBJC_BRIDGING_HEADER = "SongFinder Audio Unit/SongFinder-Bridging-Header.h";
				SWIFT_OPTIMIZATION_LEVEL = "-Onone";
				SWIFT_VERSION = 5.0;
				TARGETED_DEVICE_FAMILY = "1,2";
			};
			name = Debug;
		};
		F2609D1127EE0B89005DACFA /* Release */ = {
			isa = XCBuildConfiguration;
			buildSettings = {
				ASSETCATALOG_COMPILER_APPICON_NAME = AppIcon;
				ASSETCATALOG_COMPILER_GLOBAL_ACCENT_COLOR_NAME = AccentColor;
				CLANG_ENABLE_MODULES = YES;
				CODE_SIGN_STYLE = Automatic;
				CURRENT_PROJECT_VERSION = 1;
				DEVELOPMENT_ASSET_PATHS = "\"HearBirdsAgain/Preview Content\"";
				DEVELOPMENT_TEAM = U89S284FLD;
				ENABLE_PREVIEWS = YES;
				GENERATE_INFOPLIST_FILE = YES;
				INFOPLIST_FILE = HearBirdsAgain/Info.plist;
				INFOPLIST_KEY_CFBundleDisplayName = HearBirdsAgain;
				INFOPLIST_KEY_NSMicrophoneUsageDescription = "";
				INFOPLIST_KEY_UIApplicationSceneManifest_Generation = YES;
				INFOPLIST_KEY_UIApplicationSupportsIndirectInputEvents = YES;
				INFOPLIST_KEY_UILaunchScreen_Generation = YES;
				INFOPLIST_KEY_UISupportedInterfaceOrientations_iPad = "UIInterfaceOrientationPortrait UIInterfaceOrientationPortraitUpsideDown UIInterfaceOrientationLandscapeLeft UIInterfaceOrientationLandscapeRight";
				INFOPLIST_KEY_UISupportedInterfaceOrientations_iPhone = "UIInterfaceOrientationPortrait UIInterfaceOrientationLandscapeLeft UIInterfaceOrientationLandscapeRight";
				IPHONEOS_DEPLOYMENT_TARGET = 15.0;
				LD_RUNPATH_SEARCH_PATHS = (
					"$(inherited)",
					"@executable_path/Frameworks",
				);
				MARKETING_VERSION = 1.0;
				PRODUCT_BUNDLE_IDENTIFIER = org.hearbirdsagain.HearBirdsAgain;
				PRODUCT_NAME = "$(TARGET_NAME)";
				SWIFT_EMIT_LOC_STRINGS = YES;
				SWIFT_OBJC_BRIDGING_HEADER = "SongFinder Audio Unit/SongFinder-Bridging-Header.h";
				SWIFT_VERSION = 5.0;
				TARGETED_DEVICE_FAMILY = "1,2";
			};
			name = Release;
		};
/* End XCBuildConfiguration section */

/* Begin XCConfigurationList section */
		F2609CFC27EE0B88005DACFA /* Build configuration list for PBXProject "HearBirdsAgain" */ = {
			isa = XCConfigurationList;
			buildConfigurations = (
				F2609D0D27EE0B89005DACFA /* Debug */,
				F2609D0E27EE0B89005DACFA /* Release */,
			);
			defaultConfigurationIsVisible = 0;
			defaultConfigurationName = Release;
		};
		F2609D0F27EE0B89005DACFA /* Build configuration list for PBXNativeTarget "HearBirdsAgain" */ = {
			isa = XCConfigurationList;
			buildConfigurations = (
				F2609D1027EE0B89005DACFA /* Debug */,
				F2609D1127EE0B89005DACFA /* Release */,
			);
			defaultConfigurationIsVisible = 0;
			defaultConfigurationName = Release;
		};
/* End XCConfigurationList section */
	};
	rootObject = F2609CF927EE0B88005DACFA /* Project object */;
}
