// !$*UTF8*$!
{
	archiveVersion = 1;
	classes = {
	};
	objectVersion = 55;
	objects = {

/* Begin PBXBuildFile section */
		F205C428290050A1000E6E20 /* ProjectInfoPage.swift in Sources */ = {isa = PBXBuildFile; fileRef = F205C427290050A1000E6E20 /* ProjectInfoPage.swift */; };
		F205C42A29006651000E6E20 /* README.md in Resources */ = {isa = PBXBuildFile; fileRef = F205C42929006651000E6E20 /* README.md */; };
		F205C42C2900674C000E6E20 /* LICENSE in Resources */ = {isa = PBXBuildFile; fileRef = F205C42B2900674C000E6E20 /* LICENSE */; };
		F205C42E29007356000E6E20 /* SupportInfoPage.swift in Sources */ = {isa = PBXBuildFile; fileRef = F205C42D29007356000E6E20 /* SupportInfoPage.swift */; };
		F206341828F0667F0060E5FF /* DonateButton.swift in Sources */ = {isa = PBXBuildFile; fileRef = F206341728F0667F0060E5FF /* DonateButton.swift */; };
		F2104BA1286C9AA100F65AEF /* LevelMeter.swift in Sources */ = {isa = PBXBuildFile; fileRef = F2104BA0286C9AA100F65AEF /* LevelMeter.swift */; };
		F218630D28F85F2A000751B2 /* HeadsetInfoPage.swift in Sources */ = {isa = PBXBuildFile; fileRef = F218630C28F85F2A000751B2 /* HeadsetInfoPage.swift */; };
		F21AA28D28DB68CA00530DD4 /* Settings.bundle in Resources */ = {isa = PBXBuildFile; fileRef = F21AA28C28DB68CA00530DD4 /* Settings.bundle */; };
		F234AA7428E4A4F3009C2A88 /* PitchShiftHelp.swift in Sources */ = {isa = PBXBuildFile; fileRef = F234AA7328E4A4F3009C2A88 /* PitchShiftHelp.swift */; };
		F23681C02923EE92005DE61B /* InfoPageIndexSpacer.swift in Sources */ = {isa = PBXBuildFile; fileRef = F23681BF2923EE92005DE61B /* InfoPageIndexSpacer.swift */; };
		F23B988D28C8E9560020BA30 /* VolumeView.swift in Sources */ = {isa = PBXBuildFile; fileRef = F23B988C28C8E9560020BA30 /* VolumeView.swift */; };
		F24AD4552860C4D500554D3D /* ListenView.swift in Sources */ = {isa = PBXBuildFile; fileRef = F24AD4542860C4D500554D3D /* ListenView.swift */; };
		F24AD4592860CB7E00554D3D /* ConsoleView.swift in Sources */ = {isa = PBXBuildFile; fileRef = F24AD4582860CB7E00554D3D /* ConsoleView.swift */; };
		F24AD45D2860CE9900554D3D /* ViewExtensions.swift in Sources */ = {isa = PBXBuildFile; fileRef = F24AD45C2860CE9900554D3D /* ViewExtensions.swift */; };
		F2609D0527EE0B88005DACFA /* HbaApp.swift in Sources */ = {isa = PBXBuildFile; fileRef = F2609D0427EE0B88005DACFA /* HbaApp.swift */; };
		F2609D0727EE0B88005DACFA /* HbaView.swift in Sources */ = {isa = PBXBuildFile; fileRef = F2609D0627EE0B88005DACFA /* HbaView.swift */; };
		F2609D0927EE0B89005DACFA /* Assets.xcassets in Resources */ = {isa = PBXBuildFile; fileRef = F2609D0827EE0B89005DACFA /* Assets.xcassets */; };
		F2609D0C27EE0B89005DACFA /* Preview Assets.xcassets in Resources */ = {isa = PBXBuildFile; fileRef = F2609D0B27EE0B89005DACFA /* Preview Assets.xcassets */; };
		F2609D1327EE0C2E005DACFA /* AudioProcessor.swift in Sources */ = {isa = PBXBuildFile; fileRef = F2609D1227EE0C2E005DACFA /* AudioProcessor.swift */; };
		F2609D1627EE0CAB005DACFA /* SongFinderAudioUnit.swift in Sources */ = {isa = PBXBuildFile; fileRef = F2609D1527EE0CAB005DACFA /* SongFinderAudioUnit.swift */; };
		F2609D1827EE0CE6005DACFA /* SongFinderParameters.swift in Sources */ = {isa = PBXBuildFile; fileRef = F2609D1727EE0CE6005DACFA /* SongFinderParameters.swift */; };
		F2609D1B27EE0D47005DACFA /* SongFinderDSPKernelAdapter.mm in Sources */ = {isa = PBXBuildFile; fileRef = F2609D1A27EE0D47005DACFA /* SongFinderDSPKernelAdapter.mm */; };
		F2609D2327EE0FAB005DACFA /* DSPKernel.mm in Sources */ = {isa = PBXBuildFile; fileRef = F2609D2127EE0FAB005DACFA /* DSPKernel.mm */; };
		F278D0F128F9C4B30000762B /* HelpDoneButton.swift in Sources */ = {isa = PBXBuildFile; fileRef = F278D0F028F9C4B30000762B /* HelpDoneButton.swift */; };
		F278D0F328F9CE400000762B /* HelpTitle.swift in Sources */ = {isa = PBXBuildFile; fileRef = F278D0F228F9CE400000762B /* HelpTitle.swift */; };
		F278D0F528F9E3450000762B /* InfoPageTitle.swift in Sources */ = {isa = PBXBuildFile; fileRef = F278D0F428F9E3450000762B /* InfoPageTitle.swift */; };
		F2945ABB283E6A8B0056D1F3 /* Console.swift in Sources */ = {isa = PBXBuildFile; fileRef = F2945ABA283E6A8B0056D1F3 /* Console.swift */; };
		F2945ABD283E75BB0056D1F3 /* Errors.swift in Sources */ = {isa = PBXBuildFile; fileRef = F2945ABC283E75BB0056D1F3 /* Errors.swift */; };
		F29570982923028600CE8B44 /* InfoPageImage.swift in Sources */ = {isa = PBXBuildFile; fileRef = F29570972923028600CE8B44 /* InfoPageImage.swift */; };
		F298CC6528EB2E130042154C /* StartFrequencyHelp.swift in Sources */ = {isa = PBXBuildFile; fileRef = F298CC6428EB2E130042154C /* StartFrequencyHelp.swift */; };
		F298CC6728EB30470042154C /* OutputLevelHelp.swift in Sources */ = {isa = PBXBuildFile; fileRef = F298CC6628EB30470042154C /* OutputLevelHelp.swift */; };
		F298CC6928EB33560042154C /* AudioVolumeHelp.swift in Sources */ = {isa = PBXBuildFile; fileRef = F298CC6828EB33560042154C /* AudioVolumeHelp.swift */; };
		F298CC6B28EB427A0042154C /* InputHelp.swift in Sources */ = {isa = PBXBuildFile; fileRef = F298CC6A28EB427A0042154C /* InputHelp.swift */; };
		F298CC6D28EB43E20042154C /* GainHelp.swift in Sources */ = {isa = PBXBuildFile; fileRef = F298CC6C28EB43E20042154C /* GainHelp.swift */; };
		F298CC6F28EB4C360042154C /* InputGainHelp.swift in Sources */ = {isa = PBXBuildFile; fileRef = F298CC6E28EB4C360042154C /* InputGainHelp.swift */; };
		F298CC7128EB4EC60042154C /* BalanceHelp.swift in Sources */ = {isa = PBXBuildFile; fileRef = F298CC7028EB4EC60042154C /* BalanceHelp.swift */; };
		F2B090D628EDF4FB00DBCF35 /* HelpButton.swift in Sources */ = {isa = PBXBuildFile; fileRef = F2B090D528EDF4FB00DBCF35 /* HelpButton.swift */; };
		F2BCDE5128E2022F00E7A5E4 /* WebView.swift in Sources */ = {isa = PBXBuildFile; fileRef = F2BCDE5028E2022F00E7A5E4 /* WebView.swift */; };
		F2CB1FF928F6F64100D47879 /* InfoView.swift in Sources */ = {isa = PBXBuildFile; fileRef = F2CB1FF828F6F64100D47879 /* InfoView.swift */; };
		F2CB1FFB28F6F7AF00D47879 /* WelcomeInfoPage.swift in Sources */ = {isa = PBXBuildFile; fileRef = F2CB1FFA28F6F7AF00D47879 /* WelcomeInfoPage.swift */; };
		F2CB634828C65FA5008C2434 /* MoreControlsView.swift in Sources */ = {isa = PBXBuildFile; fileRef = F2CB634728C65FA5008C2434 /* MoreControlsView.swift */; };
		F2CB634A28C66581008C2434 /* LevelMeters.swift in Sources */ = {isa = PBXBuildFile; fileRef = F2CB634928C66581008C2434 /* LevelMeters.swift */; };
		F2CB634C28C67833008C2434 /* StartButton.swift in Sources */ = {isa = PBXBuildFile; fileRef = F2CB634B28C67833008C2434 /* StartButton.swift */; };
		F2CB634E28C67A37008C2434 /* Title.swift in Sources */ = {isa = PBXBuildFile; fileRef = F2CB634D28C67A37008C2434 /* Title.swift */; };
		F2ECC99028FDB28000E585DE /* UiInfoPage.swift in Sources */ = {isa = PBXBuildFile; fileRef = F2ECC98F28FDB28000E585DE /* UiInfoPage.swift */; };
		F2ECC99228FE089800E585DE /* InfoPageSectionHeader.swift in Sources */ = {isa = PBXBuildFile; fileRef = F2ECC99128FE089800E585DE /* InfoPageSectionHeader.swift */; };
		F2F62B4729030D1E00685DAC /* WillHbaHelpInfoPage.swift in Sources */ = {isa = PBXBuildFile; fileRef = F2F62B4629030D1E00685DAC /* WillHbaHelpInfoPage.swift */; };
/* End PBXBuildFile section */

/* Begin PBXFileReference section */
		F205C427290050A1000E6E20 /* ProjectInfoPage.swift */ = {isa = PBXFileReference; lastKnownFileType = sourcecode.swift; path = ProjectInfoPage.swift; sourceTree = "<group>"; };
		F205C42929006651000E6E20 /* README.md */ = {isa = PBXFileReference; fileEncoding = 4; lastKnownFileType = net.daringfireball.markdown; path = README.md; sourceTree = "<group>"; };
		F205C42B2900674C000E6E20 /* LICENSE */ = {isa = PBXFileReference; lastKnownFileType = text; path = LICENSE; sourceTree = "<group>"; };
		F205C42D29007356000E6E20 /* SupportInfoPage.swift */ = {isa = PBXFileReference; lastKnownFileType = sourcecode.swift; path = SupportInfoPage.swift; sourceTree = "<group>"; };
		F206341728F0667F0060E5FF /* DonateButton.swift */ = {isa = PBXFileReference; lastKnownFileType = sourcecode.swift; path = DonateButton.swift; sourceTree = "<group>"; };
		F2104BA0286C9AA100F65AEF /* LevelMeter.swift */ = {isa = PBXFileReference; lastKnownFileType = sourcecode.swift; path = LevelMeter.swift; sourceTree = "<group>"; };
		F218630C28F85F2A000751B2 /* HeadsetInfoPage.swift */ = {isa = PBXFileReference; lastKnownFileType = sourcecode.swift; path = HeadsetInfoPage.swift; sourceTree = "<group>"; };
		F21AA28C28DB68CA00530DD4 /* Settings.bundle */ = {isa = PBXFileReference; lastKnownFileType = "wrapper.plug-in"; path = Settings.bundle; sourceTree = "<group>"; };
		F234AA7328E4A4F3009C2A88 /* PitchShiftHelp.swift */ = {isa = PBXFileReference; lastKnownFileType = sourcecode.swift; path = PitchShiftHelp.swift; sourceTree = "<group>"; };
		F23681BF2923EE92005DE61B /* InfoPageIndexSpacer.swift */ = {isa = PBXFileReference; lastKnownFileType = sourcecode.swift; path = InfoPageIndexSpacer.swift; sourceTree = "<group>"; };
		F23B988C28C8E9560020BA30 /* VolumeView.swift */ = {isa = PBXFileReference; lastKnownFileType = sourcecode.swift; path = VolumeView.swift; sourceTree = "<group>"; };
		F245FCFD27FCD5A000C54A50 /* Info.plist */ = {isa = PBXFileReference; lastKnownFileType = text.plist; path = Info.plist; sourceTree = "<group>"; };
		F24AD4542860C4D500554D3D /* ListenView.swift */ = {isa = PBXFileReference; lastKnownFileType = sourcecode.swift; path = ListenView.swift; sourceTree = "<group>"; };
		F24AD4582860CB7E00554D3D /* ConsoleView.swift */ = {isa = PBXFileReference; lastKnownFileType = sourcecode.swift; path = ConsoleView.swift; sourceTree = "<group>"; };
		F24AD45C2860CE9900554D3D /* ViewExtensions.swift */ = {isa = PBXFileReference; lastKnownFileType = sourcecode.swift; path = ViewExtensions.swift; sourceTree = "<group>"; };
		F2609D0127EE0B88005DACFA /* HearBirdsAgain.app */ = {isa = PBXFileReference; explicitFileType = wrapper.application; includeInIndex = 0; path = HearBirdsAgain.app; sourceTree = BUILT_PRODUCTS_DIR; };
		F2609D0427EE0B88005DACFA /* HbaApp.swift */ = {isa = PBXFileReference; lastKnownFileType = sourcecode.swift; path = HbaApp.swift; sourceTree = "<group>"; };
		F2609D0627EE0B88005DACFA /* HbaView.swift */ = {isa = PBXFileReference; lastKnownFileType = sourcecode.swift; path = HbaView.swift; sourceTree = "<group>"; };
		F2609D0827EE0B89005DACFA /* Assets.xcassets */ = {isa = PBXFileReference; lastKnownFileType = folder.assetcatalog; path = Assets.xcassets; sourceTree = "<group>"; };
		F2609D0B27EE0B89005DACFA /* Preview Assets.xcassets */ = {isa = PBXFileReference; lastKnownFileType = folder.assetcatalog; path = "Preview Assets.xcassets"; sourceTree = "<group>"; };
		F2609D1227EE0C2E005DACFA /* AudioProcessor.swift */ = {isa = PBXFileReference; lastKnownFileType = sourcecode.swift; path = AudioProcessor.swift; sourceTree = "<group>"; };
		F2609D1527EE0CAB005DACFA /* SongFinderAudioUnit.swift */ = {isa = PBXFileReference; lastKnownFileType = sourcecode.swift; path = SongFinderAudioUnit.swift; sourceTree = "<group>"; };
		F2609D1727EE0CE6005DACFA /* SongFinderParameters.swift */ = {isa = PBXFileReference; lastKnownFileType = sourcecode.swift; path = SongFinderParameters.swift; sourceTree = "<group>"; };
		F2609D1927EE0D47005DACFA /* SongFinder-Bridging-Header.h */ = {isa = PBXFileReference; lastKnownFileType = sourcecode.c.h; path = "SongFinder-Bridging-Header.h"; sourceTree = "<group>"; };
		F2609D1A27EE0D47005DACFA /* SongFinderDSPKernelAdapter.mm */ = {isa = PBXFileReference; lastKnownFileType = sourcecode.cpp.objcpp; path = SongFinderDSPKernelAdapter.mm; sourceTree = "<group>"; };
		F2609D1C27EE0E9F005DACFA /* SongFinderDSPKernelAdapter.h */ = {isa = PBXFileReference; lastKnownFileType = sourcecode.c.h; path = SongFinderDSPKernelAdapter.h; sourceTree = "<group>"; };
		F2609D1E27EE0EDF005DACFA /* SongFinderDSPKernel.hpp */ = {isa = PBXFileReference; lastKnownFileType = sourcecode.cpp.h; path = SongFinderDSPKernel.hpp; sourceTree = "<group>"; };
		F2609D2127EE0FAB005DACFA /* DSPKernel.mm */ = {isa = PBXFileReference; lastKnownFileType = sourcecode.cpp.objcpp; path = DSPKernel.mm; sourceTree = "<group>"; };
		F2609D2227EE0FAB005DACFA /* DSPKernel.hpp */ = {isa = PBXFileReference; lastKnownFileType = sourcecode.cpp.h; path = DSPKernel.hpp; sourceTree = "<group>"; };
		F2609D2427EE0FF1005DACFA /* BufferedAudioBus.hpp */ = {isa = PBXFileReference; lastKnownFileType = sourcecode.cpp.h; path = BufferedAudioBus.hpp; sourceTree = "<group>"; };
		F278D0F028F9C4B30000762B /* HelpDoneButton.swift */ = {isa = PBXFileReference; lastKnownFileType = sourcecode.swift; path = HelpDoneButton.swift; sourceTree = "<group>"; };
		F278D0F228F9CE400000762B /* HelpTitle.swift */ = {isa = PBXFileReference; lastKnownFileType = sourcecode.swift; path = HelpTitle.swift; sourceTree = "<group>"; };
		F278D0F428F9E3450000762B /* InfoPageTitle.swift */ = {isa = PBXFileReference; lastKnownFileType = sourcecode.swift; path = InfoPageTitle.swift; sourceTree = "<group>"; };
		F2945ABA283E6A8B0056D1F3 /* Console.swift */ = {isa = PBXFileReference; lastKnownFileType = sourcecode.swift; path = Console.swift; sourceTree = "<group>"; };
		F2945ABC283E75BB0056D1F3 /* Errors.swift */ = {isa = PBXFileReference; lastKnownFileType = sourcecode.swift; path = Errors.swift; sourceTree = "<group>"; };
		F29570972923028600CE8B44 /* InfoPageImage.swift */ = {isa = PBXFileReference; lastKnownFileType = sourcecode.swift; path = InfoPageImage.swift; sourceTree = "<group>"; };
		F29647A927EE1BA000AB33A6 /* AdvancingBuffer.hpp */ = {isa = PBXFileReference; lastKnownFileType = sourcecode.cpp.h; path = AdvancingBuffer.hpp; sourceTree = "<group>"; };
		F29647AA27EE1BD100AB33A6 /* Interpolator.hpp */ = {isa = PBXFileReference; lastKnownFileType = sourcecode.cpp.h; path = Interpolator.hpp; sourceTree = "<group>"; };
		F29647AB27EE1C0200AB33A6 /* OverlapAdder.hpp */ = {isa = PBXFileReference; lastKnownFileType = sourcecode.cpp.h; path = OverlapAdder.hpp; sourceTree = "<group>"; };
		F298CC6428EB2E130042154C /* StartFrequencyHelp.swift */ = {isa = PBXFileReference; lastKnownFileType = sourcecode.swift; path = StartFrequencyHelp.swift; sourceTree = "<group>"; };
		F298CC6628EB30470042154C /* OutputLevelHelp.swift */ = {isa = PBXFileReference; lastKnownFileType = sourcecode.swift; path = OutputLevelHelp.swift; sourceTree = "<group>"; };
		F298CC6828EB33560042154C /* AudioVolumeHelp.swift */ = {isa = PBXFileReference; lastKnownFileType = sourcecode.swift; path = AudioVolumeHelp.swift; sourceTree = "<group>"; };
		F298CC6A28EB427A0042154C /* InputHelp.swift */ = {isa = PBXFileReference; lastKnownFileType = sourcecode.swift; path = InputHelp.swift; sourceTree = "<group>"; };
		F298CC6C28EB43E20042154C /* GainHelp.swift */ = {isa = PBXFileReference; lastKnownFileType = sourcecode.swift; path = GainHelp.swift; sourceTree = "<group>"; };
		F298CC6E28EB4C360042154C /* InputGainHelp.swift */ = {isa = PBXFileReference; lastKnownFileType = sourcecode.swift; path = InputGainHelp.swift; sourceTree = "<group>"; };
		F298CC7028EB4EC60042154C /* BalanceHelp.swift */ = {isa = PBXFileReference; lastKnownFileType = sourcecode.swift; path = BalanceHelp.swift; sourceTree = "<group>"; };
		F2B090D428EDD31F00DBCF35 /* README.md */ = {isa = PBXFileReference; explicitFileType = net.daringfireball.markdown; path = README.md; sourceTree = "<group>"; };
		F2B090D528EDF4FB00DBCF35 /* HelpButton.swift */ = {isa = PBXFileReference; lastKnownFileType = sourcecode.swift; path = HelpButton.swift; sourceTree = "<group>"; };
		F2BCDE5028E2022F00E7A5E4 /* WebView.swift */ = {isa = PBXFileReference; lastKnownFileType = sourcecode.swift; path = WebView.swift; sourceTree = "<group>"; };
		F2CB1FF828F6F64100D47879 /* InfoView.swift */ = {isa = PBXFileReference; lastKnownFileType = sourcecode.swift; path = InfoView.swift; sourceTree = "<group>"; };
		F2CB1FFA28F6F7AF00D47879 /* WelcomeInfoPage.swift */ = {isa = PBXFileReference; lastKnownFileType = sourcecode.swift; path = WelcomeInfoPage.swift; sourceTree = "<group>"; };
		F2CB634728C65FA5008C2434 /* MoreControlsView.swift */ = {isa = PBXFileReference; lastKnownFileType = sourcecode.swift; path = MoreControlsView.swift; sourceTree = "<group>"; };
		F2CB634928C66581008C2434 /* LevelMeters.swift */ = {isa = PBXFileReference; lastKnownFileType = sourcecode.swift; path = LevelMeters.swift; sourceTree = "<group>"; };
		F2CB634B28C67833008C2434 /* StartButton.swift */ = {isa = PBXFileReference; lastKnownFileType = sourcecode.swift; path = StartButton.swift; sourceTree = "<group>"; };
		F2CB634D28C67A37008C2434 /* Title.swift */ = {isa = PBXFileReference; lastKnownFileType = sourcecode.swift; path = Title.swift; sourceTree = "<group>"; };
		F2E7AA50282C1290003E27FF /* FirFilter.hpp */ = {isa = PBXFileReference; lastKnownFileType = sourcecode.cpp.h; path = FirFilter.hpp; sourceTree = "<group>"; };
		F2E7AA51282C1290003E27FF /* HbaFilters.hpp */ = {isa = PBXFileReference; lastKnownFileType = sourcecode.cpp.h; path = HbaFilters.hpp; sourceTree = "<group>"; };
		F2ECC98F28FDB28000E585DE /* UiInfoPage.swift */ = {isa = PBXFileReference; lastKnownFileType = sourcecode.swift; path = UiInfoPage.swift; sourceTree = "<group>"; };
		F2ECC99128FE089800E585DE /* InfoPageSectionHeader.swift */ = {isa = PBXFileReference; lastKnownFileType = sourcecode.swift; path = InfoPageSectionHeader.swift; sourceTree = "<group>"; };
		F2F62B4629030D1E00685DAC /* WillHbaHelpInfoPage.swift */ = {isa = PBXFileReference; lastKnownFileType = sourcecode.swift; path = WillHbaHelpInfoPage.swift; sourceTree = "<group>"; };
		F2FD2F8B27F6362900BBD070 /* SongFinderProcessor.hpp */ = {isa = PBXFileReference; lastKnownFileType = sourcecode.cpp.h; path = SongFinderProcessor.hpp; sourceTree = "<group>"; };
/* End PBXFileReference section */

/* Begin PBXFrameworksBuildPhase section */
		F2609CFE27EE0B88005DACFA /* Frameworks */ = {
			isa = PBXFrameworksBuildPhase;
			buildActionMask = 2147483647;
			files = (
			);
			runOnlyForDeploymentPostprocessing = 0;
		};
/* End PBXFrameworksBuildPhase section */

/* Begin PBXGroup section */
		F2609CF827EE0B88005DACFA = {
			isa = PBXGroup;
			children = (
				F205C42B2900674C000E6E20 /* LICENSE */,
				F205C42929006651000E6E20 /* README.md */,
				F2609D0327EE0B88005DACFA /* HearBirdsAgain */,
				F2609D1427EE0C6B005DACFA /* SongFinder Audio Unit */,
				F2609D2027EE0F7D005DACFA /* Generic Audio Unit */,
				F2609D0227EE0B88005DACFA /* Products */,
			);
			sourceTree = "<group>";
		};
		F2609D0227EE0B88005DACFA /* Products */ = {
			isa = PBXGroup;
			children = (
				F2609D0127EE0B88005DACFA /* HearBirdsAgain.app */,
			);
			name = Products;
			sourceTree = "<group>";
		};
		F2609D0327EE0B88005DACFA /* HearBirdsAgain */ = {
			isa = PBXGroup;
			children = (
				F2609D0427EE0B88005DACFA /* HbaApp.swift */,
				F2609D1227EE0C2E005DACFA /* AudioProcessor.swift */,
				F2945ABA283E6A8B0056D1F3 /* Console.swift */,
				F2945ABC283E75BB0056D1F3 /* Errors.swift */,
				F2609D0627EE0B88005DACFA /* HbaView.swift */,
				F24AD4542860C4D500554D3D /* ListenView.swift */,
				F2B090D528EDF4FB00DBCF35 /* HelpButton.swift */,
				F278D0F228F9CE400000762B /* HelpTitle.swift */,
				F278D0F028F9C4B30000762B /* HelpDoneButton.swift */,
				F206341728F0667F0060E5FF /* DonateButton.swift */,
				F234AA7328E4A4F3009C2A88 /* PitchShiftHelp.swift */,
				F298CC6428EB2E130042154C /* StartFrequencyHelp.swift */,
				F298CC6628EB30470042154C /* OutputLevelHelp.swift */,
				F298CC6828EB33560042154C /* AudioVolumeHelp.swift */,
				F2CB634D28C67A37008C2434 /* Title.swift */,
				F2104BA0286C9AA100F65AEF /* LevelMeter.swift */,
				F2CB634928C66581008C2434 /* LevelMeters.swift */,
				F2CB634B28C67833008C2434 /* StartButton.swift */,
				F23B988C28C8E9560020BA30 /* VolumeView.swift */,
				F2CB634728C65FA5008C2434 /* MoreControlsView.swift */,
				F298CC6A28EB427A0042154C /* InputHelp.swift */,
				F298CC6E28EB4C360042154C /* InputGainHelp.swift */,
				F298CC6C28EB43E20042154C /* GainHelp.swift */,
				F298CC7028EB4EC60042154C /* BalanceHelp.swift */,
				F24AD4582860CB7E00554D3D /* ConsoleView.swift */,
				F2CB1FF828F6F64100D47879 /* InfoView.swift */,
				F2CB1FFA28F6F7AF00D47879 /* WelcomeInfoPage.swift */,
				F278D0F428F9E3450000762B /* InfoPageTitle.swift */,
				F29570972923028600CE8B44 /* InfoPageImage.swift */,
				F2ECC99128FE089800E585DE /* InfoPageSectionHeader.swift */,
				F23681BF2923EE92005DE61B /* InfoPageIndexSpacer.swift */,
				F2F62B4629030D1E00685DAC /* WillHbaHelpInfoPage.swift */,
				F218630C28F85F2A000751B2 /* HeadsetInfoPage.swift */,
				F2ECC98F28FDB28000E585DE /* UiInfoPage.swift */,
				F205C427290050A1000E6E20 /* ProjectInfoPage.swift */,
				F205C42D29007356000E6E20 /* SupportInfoPage.swift */,
				F2BCDE5028E2022F00E7A5E4 /* WebView.swift */,
				F24AD45C2860CE9900554D3D /* ViewExtensions.swift */,
				F245FCFD27FCD5A000C54A50 /* Info.plist */,
				F2609D0827EE0B89005DACFA /* Assets.xcassets */,
				F2609D0A27EE0B89005DACFA /* Preview Content */,
				F21AA28C28DB68CA00530DD4 /* Settings.bundle */,
			);
			path = HearBirdsAgain;
			sourceTree = "<group>";
		};
		F2609D0A27EE0B89005DACFA /* Preview Content */ = {
			isa = PBXGroup;
			children = (
				F2609D0B27EE0B89005DACFA /* Preview Assets.xcassets */,
			);
			path = "Preview Content";
			sourceTree = "<group>";
		};
		F2609D1427EE0C6B005DACFA /* SongFinder Audio Unit */ = {
			isa = PBXGroup;
			children = (
				F2609D1527EE0CAB005DACFA /* SongFinderAudioUnit.swift */,
				F2609D1727EE0CE6005DACFA /* SongFinderParameters.swift */,
				F2609D1927EE0D47005DACFA /* SongFinder-Bridging-Header.h */,
				F2609D1A27EE0D47005DACFA /* SongFinderDSPKernelAdapter.mm */,
				F2609D1C27EE0E9F005DACFA /* SongFinderDSPKernelAdapter.h */,
				F2609D1E27EE0EDF005DACFA /* SongFinderDSPKernel.hpp */,
				F29647A927EE1BA000AB33A6 /* AdvancingBuffer.hpp */,
				F2E7AA50282C1290003E27FF /* FirFilter.hpp */,
				F2E7AA51282C1290003E27FF /* HbaFilters.hpp */,
				F29647AA27EE1BD100AB33A6 /* Interpolator.hpp */,
				F29647AB27EE1C0200AB33A6 /* OverlapAdder.hpp */,
				F2FD2F8B27F6362900BBD070 /* SongFinderProcessor.hpp */,
				F2B090D428EDD31F00DBCF35 /* README.md */,
			);
			path = "SongFinder Audio Unit";
			sourceTree = "<group>";
		};
		F2609D2027EE0F7D005DACFA /* Generic Audio Unit */ = {
			isa = PBXGroup;
			children = (
				F2609D2127EE0FAB005DACFA /* DSPKernel.mm */,
				F2609D2227EE0FAB005DACFA /* DSPKernel.hpp */,
				F2609D2427EE0FF1005DACFA /* BufferedAudioBus.hpp */,
			);
			path = "Generic Audio Unit";
			sourceTree = "<group>";
		};
/* End PBXGroup section */

/* Begin PBXNativeTarget section */
		F2609D0027EE0B88005DACFA /* HearBirdsAgain */ = {
			isa = PBXNativeTarget;
			buildConfigurationList = F2609D0F27EE0B89005DACFA /* Build configuration list for PBXNativeTarget "HearBirdsAgain" */;
			buildPhases = (
				F2609CFD27EE0B88005DACFA /* Sources */,
				F2609CFE27EE0B88005DACFA /* Frameworks */,
				F2609CFF27EE0B88005DACFA /* Resources */,
			);
			buildRules = (
			);
			dependencies = (
			);
			name = HearBirdsAgain;
			productName = HearBirdsAgain;
			productReference = F2609D0127EE0B88005DACFA /* HearBirdsAgain.app */;
			productType = "com.apple.product-type.application";
		};
/* End PBXNativeTarget section */

/* Begin PBXProject section */
		F2609CF927EE0B88005DACFA /* Project object */ = {
			isa = PBXProject;
			attributes = {
				BuildIndependentTargetsInParallel = 1;
				LastSwiftUpdateCheck = 1330;
				LastUpgradeCheck = 1330;
				TargetAttributes = {
					F2609D0027EE0B88005DACFA = {
						CreatedOnToolsVersion = 13.3;
						LastSwiftMigration = 1330;
					};
				};
			};
			buildConfigurationList = F2609CFC27EE0B88005DACFA /* Build configuration list for PBXProject "HearBirdsAgain" */;
			compatibilityVersion = "Xcode 13.0";
			developmentRegion = en;
			hasScannedForEncodings = 0;
			knownRegions = (
				en,
				Base,
			);
			mainGroup = F2609CF827EE0B88005DACFA;
			productRefGroup = F2609D0227EE0B88005DACFA /* Products */;
			projectDirPath = "";
			projectRoot = "";
			targets = (
				F2609D0027EE0B88005DACFA /* HearBirdsAgain */,
			);
		};
/* End PBXProject section */

/* Begin PBXResourcesBuildPhase section */
		F2609CFF27EE0B88005DACFA /* Resources */ = {
			isa = PBXResourcesBuildPhase;
			buildActionMask = 2147483647;
			files = (
				F205C42C2900674C000E6E20 /* LICENSE in Resources */,
				F2609D0C27EE0B89005DACFA /* Preview Assets.xcassets in Resources */,
				F205C42A29006651000E6E20 /* README.md in Resources */,
				F21AA28D28DB68CA00530DD4 /* Settings.bundle in Resources */,
				F2609D0927EE0B89005DACFA /* Assets.xcassets in Resources */,
			);
			runOnlyForDeploymentPostprocessing = 0;
		};
/* End PBXResourcesBuildPhase section */

/* Begin PBXSourcesBuildPhase section */
		F2609CFD27EE0B88005DACFA /* Sources */ = {
			isa = PBXSourcesBuildPhase;
			buildActionMask = 2147483647;
			files = (
				F218630D28F85F2A000751B2 /* HeadsetInfoPage.swift in Sources */,
				F23B988D28C8E9560020BA30 /* VolumeView.swift in Sources */,
				F2CB1FF928F6F64100D47879 /* InfoView.swift in Sources */,
				F2609D2327EE0FAB005DACFA /* DSPKernel.mm in Sources */,
				F298CC6B28EB427A0042154C /* InputHelp.swift in Sources */,
				F2CB1FFB28F6F7AF00D47879 /* WelcomeInfoPage.swift in Sources */,
				F2ECC99028FDB28000E585DE /* UiInfoPage.swift in Sources */,
				F206341828F0667F0060E5FF /* DonateButton.swift in Sources */,
				F2CB634828C65FA5008C2434 /* MoreControlsView.swift in Sources */,
				F278D0F128F9C4B30000762B /* HelpDoneButton.swift in Sources */,
				F234AA7428E4A4F3009C2A88 /* PitchShiftHelp.swift in Sources */,
				F2609D0727EE0B88005DACFA /* HbaView.swift in Sources */,
				F2B090D628EDF4FB00DBCF35 /* HelpButton.swift in Sources */,
				F2609D1627EE0CAB005DACFA /* SongFinderAudioUnit.swift in Sources */,
				F24AD4552860C4D500554D3D /* ListenView.swift in Sources */,
				F2104BA1286C9AA100F65AEF /* LevelMeter.swift in Sources */,
				F2CB634A28C66581008C2434 /* LevelMeters.swift in Sources */,
				F2ECC99228FE089800E585DE /* InfoPageSectionHeader.swift in Sources */,
				F298CC6D28EB43E20042154C /* GainHelp.swift in Sources */,
				F298CC6528EB2E130042154C /* StartFrequencyHelp.swift in Sources */,
				F2609D1827EE0CE6005DACFA /* SongFinderParameters.swift in Sources */,
				F2609D0527EE0B88005DACFA /* HbaApp.swift in Sources */,
				F2CB634E28C67A37008C2434 /* Title.swift in Sources */,
				F278D0F528F9E3450000762B /* InfoPageTitle.swift in Sources */,
				F24AD45D2860CE9900554D3D /* ViewExtensions.swift in Sources */,
				F2945ABD283E75BB0056D1F3 /* Errors.swift in Sources */,
				F298CC6728EB30470042154C /* OutputLevelHelp.swift in Sources */,
				F205C428290050A1000E6E20 /* ProjectInfoPage.swift in Sources */,
				F29570982923028600CE8B44 /* InfoPageImage.swift in Sources */,
				F298CC6F28EB4C360042154C /* InputGainHelp.swift in Sources */,
				F2609D1327EE0C2E005DACFA /* AudioProcessor.swift in Sources */,
				F2609D1B27EE0D47005DACFA /* SongFinderDSPKernelAdapter.mm in Sources */,
				F2F62B4729030D1E00685DAC /* WillHbaHelpInfoPage.swift in Sources */,
				F23681C02923EE92005DE61B /* InfoPageIndexSpacer.swift in Sources */,
				F298CC6928EB33560042154C /* AudioVolumeHelp.swift in Sources */,
				F2CB634C28C67833008C2434 /* StartButton.swift in Sources */,
				F24AD4592860CB7E00554D3D /* ConsoleView.swift in Sources */,
				F278D0F328F9CE400000762B /* HelpTitle.swift in Sources */,
				F298CC7128EB4EC60042154C /* BalanceHelp.swift in Sources */,
				F2945ABB283E6A8B0056D1F3 /* Console.swift in Sources */,
				F205C42E29007356000E6E20 /* SupportInfoPage.swift in Sources */,
				F2BCDE5128E2022F00E7A5E4 /* WebView.swift in Sources */,
			);
			runOnlyForDeploymentPostprocessing = 0;
		};
/* End PBXSourcesBuildPhase section */

/* Begin XCBuildConfiguration section */
		F2609D0D27EE0B89005DACFA /* Debug */ = {
			isa = XCBuildConfiguration;
			buildSettings = {
				ALWAYS_SEARCH_USER_PATHS = NO;
				CLANG_ANALYZER_NONNULL = YES;
				CLANG_ANALYZER_NUMBER_OBJECT_CONVERSION = YES_AGGRESSIVE;
				CLANG_CXX_LANGUAGE_STANDARD = "c++20";
				CLANG_ENABLE_MODULES = YES;
				CLANG_ENABLE_OBJC_ARC = YES;
				CLANG_ENABLE_OBJC_WEAK = YES;
				CLANG_WARN_BLOCK_CAPTURE_AUTORELEASING = YES;
				CLANG_WARN_BOOL_CONVERSION = YES;
				CLANG_WARN_COMMA = YES;
				CLANG_WARN_CONSTANT_CONVERSION = YES;
				CLANG_WARN_DEPRECATED_OBJC_IMPLEMENTATIONS = YES;
				CLANG_WARN_DIRECT_OBJC_ISA_USAGE = YES_ERROR;
				CLANG_WARN_DOCUMENTATION_COMMENTS = YES;
				CLANG_WARN_EMPTY_BODY = YES;
				CLANG_WARN_ENUM_CONVERSION = YES;
				CLANG_WARN_INFINITE_RECURSION = YES;
				CLANG_WARN_INT_CONVERSION = YES;
				CLANG_WARN_NON_LITERAL_NULL_CONVERSION = YES;
				CLANG_WARN_OBJC_IMPLICIT_RETAIN_SELF = YES;
				CLANG_WARN_OBJC_LITERAL_CONVERSION = YES;
				CLANG_WARN_OBJC_ROOT_CLASS = YES_ERROR;
				CLANG_WARN_QUOTED_INCLUDE_IN_FRAMEWORK_HEADER = YES;
				CLANG_WARN_RANGE_LOOP_ANALYSIS = YES;
				CLANG_WARN_STRICT_PROTOTYPES = YES;
				CLANG_WARN_SUSPICIOUS_MOVE = YES;
				CLANG_WARN_UNGUARDED_AVAILABILITY = YES_AGGRESSIVE;
				CLANG_WARN_UNREACHABLE_CODE = YES;
				CLANG_WARN__DUPLICATE_METHOD_MATCH = YES;
				COPY_PHASE_STRIP = NO;
				DEBUG_INFORMATION_FORMAT = dwarf;
				ENABLE_STRICT_OBJC_MSGSEND = YES;
				ENABLE_TESTABILITY = YES;
				GCC_C_LANGUAGE_STANDARD = gnu11;
				GCC_DYNAMIC_NO_PIC = NO;
				GCC_NO_COMMON_BLOCKS = YES;
				GCC_OPTIMIZATION_LEVEL = 0;
				GCC_PREPROCESSOR_DEFINITIONS = (
					"DEBUG=1",
					"$(inherited)",
				);
				GCC_WARN_64_TO_32_BIT_CONVERSION = YES;
				GCC_WARN_ABOUT_RETURN_TYPE = YES_ERROR;
				GCC_WARN_UNDECLARED_SELECTOR = YES;
				GCC_WARN_UNINITIALIZED_AUTOS = YES_AGGRESSIVE;
				GCC_WARN_UNUSED_FUNCTION = YES;
				GCC_WARN_UNUSED_VARIABLE = YES;
				IPHONEOS_DEPLOYMENT_TARGET = 15.0;
				MTL_ENABLE_DEBUG_INFO = INCLUDE_SOURCE;
				MTL_FAST_MATH = YES;
				ONLY_ACTIVE_ARCH = YES;
				SDKROOT = iphoneos;
				SWIFT_ACTIVE_COMPILATION_CONDITIONS = DEBUG;
				SWIFT_OPTIMIZATION_LEVEL = "-Onone";
			};
			name = Debug;
		};
		F2609D0E27EE0B89005DACFA /* Release */ = {
			isa = XCBuildConfiguration;
			buildSettings = {
				ALWAYS_SEARCH_USER_PATHS = NO;
				CLANG_ANALYZER_NONNULL = YES;
				CLANG_ANALYZER_NUMBER_OBJECT_CONVERSION = YES_AGGRESSIVE;
				CLANG_CXX_LANGUAGE_STANDARD = "c++20";
				CLANG_ENABLE_MODULES = YES;
				CLANG_ENABLE_OBJC_ARC = YES;
				CLANG_ENABLE_OBJC_WEAK = YES;
				CLANG_WARN_BLOCK_CAPTURE_AUTORELEASING = YES;
				CLANG_WARN_BOOL_CONVERSION = YES;
				CLANG_WARN_COMMA = YES;
				CLANG_WARN_CONSTANT_CONVERSION = YES;
				CLANG_WARN_DEPRECATED_OBJC_IMPLEMENTATIONS = YES;
				CLANG_WARN_DIRECT_OBJC_ISA_USAGE = YES_ERROR;
				CLANG_WARN_DOCUMENTATION_COMMENTS = YES;
				CLANG_WARN_EMPTY_BODY = YES;
				CLANG_WARN_ENUM_CONVERSION = YES;
				CLANG_WARN_INFINITE_RECURSION = YES;
				CLANG_WARN_INT_CONVERSION = YES;
				CLANG_WARN_NON_LITERAL_NULL_CONVERSION = YES;
				CLANG_WARN_OBJC_IMPLICIT_RETAIN_SELF = YES;
				CLANG_WARN_OBJC_LITERAL_CONVERSION = YES;
				CLANG_WARN_OBJC_ROOT_CLASS = YES_ERROR;
				CLANG_WARN_QUOTED_INCLUDE_IN_FRAMEWORK_HEADER = YES;
				CLANG_WARN_RANGE_LOOP_ANALYSIS = YES;
				CLANG_WARN_STRICT_PROTOTYPES = YES;
				CLANG_WARN_SUSPICIOUS_MOVE = YES;
				CLANG_WARN_UNGUARDED_AVAILABILITY = YES_AGGRESSIVE;
				CLANG_WARN_UNREACHABLE_CODE = YES;
				CLANG_WARN__DUPLICATE_METHOD_MATCH = YES;
				COPY_PHASE_STRIP = NO;
				DEBUG_INFORMATION_FORMAT = "dwarf-with-dsym";
				ENABLE_NS_ASSERTIONS = NO;
				ENABLE_STRICT_OBJC_MSGSEND = YES;
				GCC_C_LANGUAGE_STANDARD = gnu11;
				GCC_NO_COMMON_BLOCKS = YES;
				GCC_WARN_64_TO_32_BIT_CONVERSION = YES;
				GCC_WARN_ABOUT_RETURN_TYPE = YES_ERROR;
				GCC_WARN_UNDECLARED_SELECTOR = YES;
				GCC_WARN_UNINITIALIZED_AUTOS = YES_AGGRESSIVE;
				GCC_WARN_UNUSED_FUNCTION = YES;
				GCC_WARN_UNUSED_VARIABLE = YES;
				IPHONEOS_DEPLOYMENT_TARGET = 15.0;
				MTL_ENABLE_DEBUG_INFO = NO;
				MTL_FAST_MATH = YES;
				SDKROOT = iphoneos;
				SWIFT_COMPILATION_MODE = wholemodule;
				SWIFT_OPTIMIZATION_LEVEL = "-O";
				VALIDATE_PRODUCT = YES;
			};
			name = Release;
		};
		F2609D1027EE0B89005DACFA /* Debug */ = {
			isa = XCBuildConfiguration;
			buildSettings = {
				ASSETCATALOG_COMPILER_APPICON_NAME = AppIcon;
				ASSETCATALOG_COMPILER_GLOBAL_ACCENT_COLOR_NAME = AccentColor;
				CLANG_ENABLE_MODULES = YES;
				CODE_SIGN_STYLE = Automatic;
				CURRENT_PROJECT_VERSION = 4;
				DEVELOPMENT_ASSET_PATHS = "\"HearBirdsAgain/Preview Content\"";
				DEVELOPMENT_TEAM = S42RA6SWFZ;
				ENABLE_PREVIEWS = YES;
				GENERATE_INFOPLIST_FILE = YES;
				INFOPLIST_FILE = HearBirdsAgain/Info.plist;
				INFOPLIST_KEY_CFBundleDisplayName = HearBirdsAgain;
				INFOPLIST_KEY_LSApplicationCategoryType = "public.app-category.lifestyle";
				INFOPLIST_KEY_NSMicrophoneUsageDescription = "";
				INFOPLIST_KEY_UIApplicationSceneManifest_Generation = YES;
				INFOPLIST_KEY_UIApplicationSupportsIndirectInputEvents = YES;
				INFOPLIST_KEY_UISupportedInterfaceOrientations = "UIInterfaceOrientationLandscapeLeft UIInterfaceOrientationLandscapeRight UIInterfaceOrientationPortrait UIInterfaceOrientationPortraitUpsideDown";
				IPHONEOS_DEPLOYMENT_TARGET = 15.0;
				LD_RUNPATH_SEARCH_PATHS = (
					"$(inherited)",
					"@executable_path/Frameworks",
				);
				MARKETING_VERSION = 1.0.0;
				PRODUCT_BUNDLE_IDENTIFIER = org.miracleofnature.HearBirdsAgain;
				PRODUCT_NAME = "$(TARGET_NAME)";
				SWIFT_EMIT_LOC_STRINGS = YES;
				SWIFT_OBJC_BRIDGING_HEADER = "SongFinder Audio Unit/SongFinder-Bridging-Header.h";
				SWIFT_OPTIMIZATION_LEVEL = "-Onone";
				SWIFT_VERSION = 5.0;
				TARGETED_DEVICE_FAMILY = "1,2";
			};
			name = Debug;
		};
		F2609D1127EE0B89005DACFA /* Release */ = {
			isa = XCBuildConfiguration;
			buildSettings = {
				ASSETCATALOG_COMPILER_APPICON_NAME = AppIcon;
				ASSETCATALOG_COMPILER_GLOBAL_ACCENT_COLOR_NAME = AccentColor;
				CLANG_ENABLE_MODULES = YES;
				CODE_SIGN_STYLE = Automatic;
				CURRENT_PROJECT_VERSION = 4;
				DEVELOPMENT_ASSET_PATHS = "\"HearBirdsAgain/Preview Content\"";
				DEVELOPMENT_TEAM = S42RA6SWFZ;
				ENABLE_PREVIEWS = YES;
				GENERATE_INFOPLIST_FILE = YES;
				INFOPLIST_FILE = HearBirdsAgain/Info.plist;
				INFOPLIST_KEY_CFBundleDisplayName = HearBirdsAgain;
				INFOPLIST_KEY_LSApplicationCategoryType = "public.app-category.lifestyle";
				INFOPLIST_KEY_NSMicrophoneUsageDescription = "";
				INFOPLIST_KEY_UIApplicationSceneManifest_Generation = YES;
				INFOPLIST_KEY_UIApplicationSupportsIndirectInputEvents = YES;
				INFOPLIST_KEY_UISupportedInterfaceOrientations = "UIInterfaceOrientationLandscapeLeft UIInterfaceOrientationLandscapeRight UIInterfaceOrientationPortrait UIInterfaceOrientationPortraitUpsideDown";
				IPHONEOS_DEPLOYMENT_TARGET = 15.0;
				LD_RUNPATH_SEARCH_PATHS = (
					"$(inherited)",
					"@executable_path/Frameworks",
				);
				MARKETING_VERSION = 1.0.0;
				PRODUCT_BUNDLE_IDENTIFIER = org.miracleofnature.HearBirdsAgain;
				PRODUCT_NAME = "$(TARGET_NAME)";
				SWIFT_EMIT_LOC_STRINGS = YES;
				SWIFT_OBJC_BRIDGING_HEADER = "SongFinder Audio Unit/SongFinder-Bridging-Header.h";
				SWIFT_VERSION = 5.0;
				TARGETED_DEVICE_FAMILY = "1,2";
			};
			name = Release;
		};
/* End XCBuildConfiguration section */

/* Begin XCConfigurationList section */
		F2609CFC27EE0B88005DACFA /* Build configuration list for PBXProject "HearBirdsAgain" */ = {
			isa = XCConfigurationList;
			buildConfigurations = (
				F2609D0D27EE0B89005DACFA /* Debug */,
				F2609D0E27EE0B89005DACFA /* Release */,
			);
			defaultConfigurationIsVisible = 0;
			defaultConfigurationName = Release;
		};
		F2609D0F27EE0B89005DACFA /* Build configuration list for PBXNativeTarget "HearBirdsAgain" */ = {
			isa = XCConfigurationList;
			buildConfigurations = (
				F2609D1027EE0B89005DACFA /* Debug */,
				F2609D1127EE0B89005DACFA /* Release */,
			);
			defaultConfigurationIsVisible = 0;
			defaultConfigurationName = Release;
		};
/* End XCConfigurationList section */
	};
	rootObject = F2609CF927EE0B88005DACFA /* Project object */;
}
